// !$*UTF8*$!
{
	archiveVersion = 1;
	classes = {
	};
	objectVersion = 46;
	objects = {

/* Begin PBXBuildFile section */
		8952932B1F05469800F279EF /* main.m in Sources */ = {isa = PBXBuildFile; fileRef = 8952932A1F05469800F279EF /* main.m */; };
		8952932E1F05469800F279EF /* AppDelegate.m in Sources */ = {isa = PBXBuildFile; fileRef = 8952932D1F05469800F279EF /* AppDelegate.m */; };
		895293311F05469800F279EF /* ViewController.m in Sources */ = {isa = PBXBuildFile; fileRef = 895293301F05469800F279EF /* ViewController.m */; };
		895293341F05469800F279EF /* Main.storyboard in Resources */ = {isa = PBXBuildFile; fileRef = 895293321F05469800F279EF /* Main.storyboard */; };
		895293361F05469800F279EF /* Assets.xcassets in Resources */ = {isa = PBXBuildFile; fileRef = 895293351F05469800F279EF /* Assets.xcassets */; };
		895293391F05469800F279EF /* LaunchScreen.storyboard in Resources */ = {isa = PBXBuildFile; fileRef = 895293371F05469800F279EF /* LaunchScreen.storyboard */; };
/* End PBXBuildFile section */

/* Begin PBXFileReference section */
		895293261F05469800F279EF /* QPDialCodePickerViewDemo.app */ = {isa = PBXFileReference; explicitFileType = wrapper.application; includeInIndex = 0; path = QPDialCodePickerViewDemo.app; sourceTree = BUILT_PRODUCTS_DIR; };
		8952932A1F05469800F279EF /* main.m */ = {isa = PBXFileReference; lastKnownFileType = sourcecode.c.objc; path = main.m; sourceTree = "<group>"; };
		8952932C1F05469800F279EF /* AppDelegate.h */ = {isa = PBXFileReference; lastKnownFileType = sourcecode.c.h; path = AppDelegate.h; sourceTree = "<group>"; };
		8952932D1F05469800F279EF /* AppDelegate.m */ = {isa = PBXFileReference; lastKnownFileType = sourcecode.c.objc; path = AppDelegate.m; sourceTree = "<group>"; };
		8952932F1F05469800F279EF /* ViewController.h */ = {isa = PBXFileReference; lastKnownFileType = sourcecode.c.h; path = ViewController.h; sourceTree = "<group>"; };
		895293301F05469800F279EF /* ViewController.m */ = {isa = PBXFileReference; lastKnownFileType = sourcecode.c.objc; path = ViewController.m; sourceTree = "<group>"; };
		895293331F05469800F279EF /* Base */ = {isa = PBXFileReference; lastKnownFileType = file.storyboard; name = Base; path = Base.lproj/Main.storyboard; sourceTree = "<group>"; };
		895293351F05469800F279EF /* Assets.xcassets */ = {isa = PBXFileReference; lastKnownFileType = folder.assetcatalog; path = Assets.xcassets; sourceTree = "<group>"; };
		895293381F05469800F279EF /* Base */ = {isa = PBXFileReference; lastKnownFileType = file.storyboard; name = Base; path = Base.lproj/LaunchScreen.storyboard; sourceTree = "<group>"; };
		8952933A1F05469800F279EF /* Info.plist */ = {isa = PBXFileReference; lastKnownFileType = text.plist.xml; path = Info.plist; sourceTree = "<group>"; };
/* End PBXFileReference section */

/* Begin PBXFrameworksBuildPhase section */
		895293231F05469800F279EF /* Frameworks */ = {
			isa = PBXFrameworksBuildPhase;
			buildActionMask = 2147483647;
			files = (
			);
			runOnlyForDeploymentPostprocessing = 0;
		};
/* End PBXFrameworksBuildPhase section */

/* Begin PBXGroup section */
		8952931D1F05469800F279EF = {
			isa = PBXGroup;
			children = (
				895293281F05469800F279EF /* QPDialCodePickerViewDemo */,
				895293271F05469800F279EF /* Products */,
			);
			sourceTree = "<group>";
		};
		895293271F05469800F279EF /* Products */ = {
			isa = PBXGroup;
			children = (
				895293261F05469800F279EF /* QPDialCodePickerViewDemo.app */,
			);
			name = Products;
			sourceTree = "<group>";
		};
		895293281F05469800F279EF /* QPDialCodePickerViewDemo */ = {
			isa = PBXGroup;
			children = (
				8952932C1F05469800F279EF /* AppDelegate.h */,
				8952932D1F05469800F279EF /* AppDelegate.m */,
				8952932F1F05469800F279EF /* ViewController.h */,
				895293301F05469800F279EF /* ViewController.m */,
				895293321F05469800F279EF /* Main.storyboard */,
				895293351F05469800F279EF /* Assets.xcassets */,
				895293371F05469800F279EF /* LaunchScreen.storyboard */,
				8952933A1F05469800F279EF /* Info.plist */,
				895293291F05469800F279EF /* Supporting Files */,
			);
			path = QPDialCodePickerViewDemo;
			sourceTree = "<group>";
		};
		895293291F05469800F279EF /* Supporting Files */ = {
			isa = PBXGroup;
			children = (
				8952932A1F05469800F279EF /* main.m */,
			);
			name = "Supporting Files";
			sourceTree = "<group>";
		};
/* End PBXGroup section */

/* Begin PBXNativeTarget section */
		895293251F05469800F279EF /* QPDialCodePickerViewDemo */ = {
			isa = PBXNativeTarget;
			buildConfigurationList = 8952933D1F05469800F279EF /* Build configuration list for PBXNativeTarget "QPDialCodePickerViewDemo" */;
			buildPhases = (
				895293221F05469800F279EF /* Sources */,
				895293231F05469800F279EF /* Frameworks */,
				895293241F05469800F279EF /* Resources */,
			);
			buildRules = (
			);
			dependencies = (
			);
			name = QPDialCodePickerViewDemo;
			productName = QPDialCodePickerViewDemo;
			productReference = 895293261F05469800F279EF /* QPDialCodePickerViewDemo.app */;
			productType = "com.apple.product-type.application";
		};
/* End PBXNativeTarget section */

/* Begin PBXProject section */
		8952931E1F05469800F279EF /* Project object */ = {
			isa = PBXProject;
			attributes = {
				LastUpgradeCheck = 0830;
				ORGANIZATIONNAME = "Zero Status";
				TargetAttributes = {
					895293251F05469800F279EF = {
						CreatedOnToolsVersion = 8.3.3;
						ProvisioningStyle = Automatic;
					};
				};
			};
			buildConfigurationList = 895293211F05469800F279EF /* Build configuration list for PBXProject "QPDialCodePickerViewDemo" */;
			compatibilityVersion = "Xcode 3.2";
			developmentRegion = English;
			hasScannedForEncodings = 0;
			knownRegions = (
				en,
				Base,
			);
			mainGroup = 8952931D1F05469800F279EF;
			productRefGroup = 895293271F05469800F279EF /* Products */;
			projectDirPath = "";
			projectRoot = "";
			targets = (
				895293251F05469800F279EF /* QPDialCodePickerViewDemo */,
			);
		};
/* End PBXProject section */

/* Begin PBXResourcesBuildPhase section */
		895293241F05469800F279EF /* Resources */ = {
			isa = PBXResourcesBuildPhase;
			buildActionMask = 2147483647;
			files = (
				895293391F05469800F279EF /* LaunchScreen.storyboard in Resources */,
				895293361F05469800F279EF /* Assets.xcassets in Resources */,
				895293341F05469800F279EF /* Main.storyboard in Resources */,
			);
			runOnlyForDeploymentPostprocessing = 0;
		};
/* End PBXResourcesBuildPhase section */

/* Begin PBXSourcesBuildPhase section */
		895293221F05469800F279EF /* Sources */ = {
			isa = PBXSourcesBuildPhase;
			buildActionMask = 2147483647;
			files = (
				895293311F05469800F279EF /* ViewController.m in Sources */,
				8952932E1F05469800F279EF /* AppDelegate.m in Sources */,
				8952932B1F05469800F279EF /* main.m in Sources */,
			);
			runOnlyForDeploymentPostprocessing = 0;
		};
/* End PBXSourcesBuildPhase section */

/* Begin PBXVariantGroup section */
		895293321F05469800F279EF /* Main.storyboard */ = {
			isa = PBXVariantGroup;
			children = (
				895293331F05469800F279EF /* Base */,
			);
			name = Main.storyboard;
			sourceTree = "<group>";
		};
		895293371F05469800F279EF /* LaunchScreen.storyboard */ = {
			isa = PBXVariantGroup;
			children = (
				895293381F05469800F279EF /* Base */,
			);
			name = LaunchScreen.storyboard;
			sourceTree = "<group>";
		};
/* End PBXVariantGroup section */

/* Begin XCBuildConfiguration section */
		8952933B1F05469800F279EF /* Debug */ = {
			isa = XCBuildConfiguration;
			buildSettings = {
				ALWAYS_SEARCH_USER_PATHS = NO;
				CLANG_ANALYZER_NONNULL = YES;
				CLANG_ANALYZER_NUMBER_OBJECT_CONVERSION = YES_AGGRESSIVE;
				CLANG_CXX_LANGUAGE_STANDARD = "gnu++0x";
				CLANG_CXX_LIBRARY = "libc++";
				CLANG_ENABLE_MODULES = YES;
				CLANG_ENABLE_OBJC_ARC = YES;
				CLANG_WARN_BOOL_CONVERSION = YES;
				CLANG_WARN_CONSTANT_CONVERSION = YES;
				CLANG_WARN_DIRECT_OBJC_ISA_USAGE = YES_ERROR;
				CLANG_WARN_DOCUMENTATION_COMMENTS = YES;
				CLANG_WARN_EMPTY_BODY = YES;
				CLANG_WARN_ENUM_CONVERSION = YES;
				CLANG_WARN_INFINITE_RECURSION = YES;
				CLANG_WARN_INT_CONVERSION = YES;
				CLANG_WARN_OBJC_ROOT_CLASS = YES_ERROR;
				CLANG_WARN_SUSPICIOUS_MOVE = YES;
				CLANG_WARN_UNREACHABLE_CODE = YES;
				CLANG_WARN__DUPLICATE_METHOD_MATCH = YES;
				"CODE_SIGN_IDENTITY[sdk=iphoneos*]" = "iPhone Developer";
				COPY_PHASE_STRIP = NO;
				DEBUG_INFORMATION_FORMAT = dwarf;
				ENABLE_STRICT_OBJC_MSGSEND = YES;
				ENABLE_TESTABILITY = YES;
				GCC_C_LANGUAGE_STANDARD = gnu99;
				GCC_DYNAMIC_NO_PIC = NO;
				GCC_NO_COMMON_BLOCKS = YES;
				GCC_OPTIMIZATION_LEVEL = 0;
				GCC_PREPROCESSOR_DEFINITIONS = (
					"DEBUG=1",
					"$(inherited)",
				);
				GCC_WARN_64_TO_32_BIT_CONVERSION = YES;
				GCC_WARN_ABOUT_RETURN_TYPE = YES_ERROR;
				GCC_WARN_UNDECLARED_SELECTOR = YES;
				GCC_WARN_UNINITIALIZED_AUTOS = YES_AGGRESSIVE;
				GCC_WARN_UNUSED_FUNCTION = YES;
				GCC_WARN_UNUSED_VARIABLE = YES;
				IPHONEOS_DEPLOYMENT_TARGET = 10.3;
				MTL_ENABLE_DEBUG_INFO = YES;
				ONLY_ACTIVE_ARCH = YES;
				SDKROOT = iphoneos;
				TARGETED_DEVICE_FAMILY = "1,2";
			};
			name = Debug;
		};
		8952933C1F05469800F279EF /* Release */ = {
			isa = XCBuildConfiguration;
			buildSettings = {
				ALWAYS_SEARCH_USER_PATHS = NO;
				CLANG_ANALYZER_NONNULL = YES;
				CLANG_ANALYZER_NUMBER_OBJECT_CONVERSION = YES_AGGRESSIVE;
				CLANG_CXX_LANGUAGE_STANDARD = "gnu++0x";
				CLANG_CXX_LIBRARY = "libc++";
				CLANG_ENABLE_MODULES = YES;
				CLANG_ENABLE_OBJC_ARC = YES;
				CLANG_WARN_BOOL_CONVERSION = YES;
				CLANG_WARN_CONSTANT_CONVERSION = YES;
				CLANG_WARN_DIRECT_OBJC_ISA_USAGE = YES_ERROR;
				CLANG_WARN_DOCUMENTATION_COMMENTS = YES;
				CLANG_WARN_EMPTY_BODY = YES;
				CLANG_WARN_ENUM_CONVERSION = YES;
				CLANG_WARN_INFINITE_RECURSION = YES;
				CLANG_WARN_INT_CONVERSION = YES;
				CLANG_WARN_OBJC_ROOT_CLASS = YES_ERROR;
				CLANG_WARN_SUSPICIOUS_MOVE = YES;
				CLANG_WARN_UNREACHABLE_CODE = YES;
				CLANG_WARN__DUPLICATE_METHOD_MATCH = YES;
				"CODE_SIGN_IDENTITY[sdk=iphoneos*]" = "iPhone Developer";
				COPY_PHASE_STRIP = NO;
				DEBUG_INFORMATION_FORMAT = "dwarf-with-dsym";
				ENABLE_NS_ASSERTIONS = NO;
				ENABLE_STRICT_OBJC_MSGSEND = YES;
				GCC_C_LANGUAGE_STANDARD = gnu99;
				GCC_NO_COMMON_BLOCKS = YES;
				GCC_WARN_64_TO_32_BIT_CONVERSION = YES;
				GCC_WARN_ABOUT_RETURN_TYPE = YES_ERROR;
				GCC_WARN_UNDECLARED_SELECTOR = YES;
				GCC_WARN_UNINITIALIZED_AUTOS = YES_AGGRESSIVE;
				GCC_WARN_UNUSED_FUNCTION = YES;
				GCC_WARN_UNUSED_VARIABLE = YES;
				IPHONEOS_DEPLOYMENT_TARGET = 10.3;
				MTL_ENABLE_DEBUG_INFO = NO;
				SDKROOT = iphoneos;
				TARGETED_DEVICE_FAMILY = "1,2";
				VALIDATE_PRODUCT = YES;
			};
			name = Release;
		};
		8952933E1F05469800F279EF /* Debug */ = {
			isa = XCBuildConfiguration;
			buildSettings = {
				ASSETCATALOG_COMPILER_APPICON_NAME = AppIcon;
				INFOPLIST_FILE = QPDialCodePickerViewDemo/Info.plist;
				LD_RUNPATH_SEARCH_PATHS = "$(inherited) @executable_path/Frameworks";
				PRODUCT_BUNDLE_IDENTIFIER = com.lessney.QPDialCodePickerViewDemo;
				PRODUCT_NAME = "$(TARGET_NAME)";
			};
			name = Debug;
		};
		8952933F1F05469800F279EF /* Release */ = {
			isa = XCBuildConfiguration;
			buildSettings = {
				ASSETCATALOG_COMPILER_APPICON_NAME = AppIcon;
				INFOPLIST_FILE = QPDialCodePickerViewDemo/Info.plist;
				LD_RUNPATH_SEARCH_PATHS = "$(inherited) @executable_path/Frameworks";
				PRODUCT_BUNDLE_IDENTIFIER = com.lessney.QPDialCodePickerViewDemo;
				PRODUCT_NAME = "$(TARGET_NAME)";
			};
			name = Release;
		};
/* End XCBuildConfiguration section */

/* Begin XCConfigurationList section */
		895293211F05469800F279EF /* Build configuration list for PBXProject "QPDialCodePickerViewDemo" */ = {
			isa = XCConfigurationList;
			buildConfigurations = (
				8952933B1F05469800F279EF /* Debug */,
				8952933C1F05469800F279EF /* Release */,
			);
			defaultConfigurationIsVisible = 0;
			defaultConfigurationName = Release;
		};
		8952933D1F05469800F279EF /* Build configuration list for PBXNativeTarget "QPDialCodePickerViewDemo" */ = {
			isa = XCConfigurationList;
			buildConfigurations = (
				8952933E1F05469800F279EF /* Debug */,
				8952933F1F05469800F279EF /* Release */,
			);
			defaultConfigurationIsVisible = 0;
		};
/* End XCConfigurationList section */
	};
	rootObject = 8952931E1F05469800F279EF /* Project object */;
}
